
Microsoft Visual Studio Solution File, Format Version 12.00
# Visual Studio Version 17
VisualStudioVersion = 17.14.36414.22 d17.14
MinimumVisualStudioVersion = 10.0.40219.1
Project("{FAE04EC0-301F-11D3-BF4B-00C04F79EFBC}") = "Cuest", "Cuest.csproj", "{F2316D61-76E1-4426-8E16-C19AACAD00E6}"
EndProject
Global
	GlobalSection(SolutionConfigurationPlatforms) = preSolution
		Debug|Any CPU = Debug|Any CPU
		Release|Any CPU = Release|Any CPU
	EndGlobalSection
	GlobalSection(ProjectConfigurationPlatforms) = postSolution
		{F2316D61-76E1-4426-8E16-C19AACAD00E6}.Debug|Any CPU.ActiveCfg = Debug|Any CPU
		{F2316D61-76E1-4426-8E16-C19AACAD00E6}.Debug|Any CPU.Build.0 = Debug|Any CPU
		{F2316D61-76E1-4426-8E16-C19AACAD00E6}.Release|Any CPU.ActiveCfg = Release|Any CPU
		{F2316D61-76E1-4426-8E16-C19AACAD00E6}.Release|Any CPU.Build.0 = Release|Any CPU
	EndGlobalSection
	GlobalSection(SolutionProperties) = preSolution
		HideSolutionNode = FALSE
	EndGlobalSection
	GlobalSection(ExtensibilityGlobals) = postSolution
		SolutionGuid = {3A2BA2D0-4AE9-41BC-A985-CC18840B99D1}
	EndGlobalSection
EndGlobal
